
Microsoft Visual Studio Solution File, Format Version 12.00
# Visual Studio 15
VisualStudioVersion = 15.0.26124.0
MinimumVisualStudioVersion = 15.0.26124.0
Project("{FAE04EC0-301F-11D3-BF4B-00C04F79EFBC}") = "fondsdecommerce.Repository", "fondsdecommerce.Repository\fondsdecommerce.Repository.csproj", "{340D3D46-663E-42AC-A29C-1B5822821C64}"
EndProject
Project("{FAE04EC0-301F-11D3-BF4B-00C04F79EFBC}") = "fondsdecommerce.Api", "fondsdecommerce.Api\fondsdecommerce.Api.csproj", "{21377DE5-AB4A-449B-8021-D533EBC97D1D}"
EndProject
Project("{FAE04EC0-301F-11D3-BF4B-00C04F79EFBC}") = "fondsdecommerce.Services", "fondsdecommerce.Services\fondsdecommerce.Services.csproj", "{A0762CC4-2014-47E8-8587-2C7F0526665C}"
EndProject
Global
	GlobalSection(SolutionConfigurationPlatforms) = preSolution
		Debug|Any CPU = Debug|Any CPU
		Debug|x64 = Debug|x64
		Debug|x86 = Debug|x86
		Release|Any CPU = Release|Any CPU
		Release|x64 = Release|x64
		Release|x86 = Release|x86
	EndGlobalSection
	GlobalSection(SolutionProperties) = preSolution
		HideSolutionNode = FALSE
	EndGlobalSection
	GlobalSection(ProjectConfigurationPlatforms) = postSolution
		{340D3D46-663E-42AC-A29C-1B5822821C64}.Debug|Any CPU.ActiveCfg = Debug|Any CPU
		{340D3D46-663E-42AC-A29C-1B5822821C64}.Debug|Any CPU.Build.0 = Debug|Any CPU
		{340D3D46-663E-42AC-A29C-1B5822821C64}.Debug|x64.ActiveCfg = Debug|Any CPU
		{340D3D46-663E-42AC-A29C-1B5822821C64}.Debug|x64.Build.0 = Debug|Any CPU
		{340D3D46-663E-42AC-A29C-1B5822821C64}.Debug|x86.ActiveCfg = Debug|Any CPU
		{340D3D46-663E-42AC-A29C-1B5822821C64}.Debug|x86.Build.0 = Debug|Any CPU
		{340D3D46-663E-42AC-A29C-1B5822821C64}.Release|Any CPU.ActiveCfg = Release|Any CPU
		{340D3D46-663E-42AC-A29C-1B5822821C64}.Release|Any CPU.Build.0 = Release|Any CPU
		{340D3D46-663E-42AC-A29C-1B5822821C64}.Release|x64.ActiveCfg = Release|Any CPU
		{340D3D46-663E-42AC-A29C-1B5822821C64}.Release|x64.Build.0 = Release|Any CPU
		{340D3D46-663E-42AC-A29C-1B5822821C64}.Release|x86.ActiveCfg = Release|Any CPU
		{340D3D46-663E-42AC-A29C-1B5822821C64}.Release|x86.Build.0 = Release|Any CPU
		{21377DE5-AB4A-449B-8021-D533EBC97D1D}.Debug|Any CPU.ActiveCfg = Debug|Any CPU
		{21377DE5-AB4A-449B-8021-D533EBC97D1D}.Debug|Any CPU.Build.0 = Debug|Any CPU
		{21377DE5-AB4A-449B-8021-D533EBC97D1D}.Debug|x64.ActiveCfg = Debug|Any CPU
		{21377DE5-AB4A-449B-8021-D533EBC97D1D}.Debug|x64.Build.0 = Debug|Any CPU
		{21377DE5-AB4A-449B-8021-D533EBC97D1D}.Debug|x86.ActiveCfg = Debug|Any CPU
		{21377DE5-AB4A-449B-8021-D533EBC97D1D}.Debug|x86.Build.0 = Debug|Any CPU
		{21377DE5-AB4A-449B-8021-D533EBC97D1D}.Release|Any CPU.ActiveCfg = Release|Any CPU
		{21377DE5-AB4A-449B-8021-D533EBC97D1D}.Release|Any CPU.Build.0 = Release|Any CPU
		{21377DE5-AB4A-449B-8021-D533EBC97D1D}.Release|x64.ActiveCfg = Release|Any CPU
		{21377DE5-AB4A-449B-8021-D533EBC97D1D}.Release|x64.Build.0 = Release|Any CPU
		{21377DE5-AB4A-449B-8021-D533EBC97D1D}.Release|x86.ActiveCfg = Release|Any CPU
		{21377DE5-AB4A-449B-8021-D533EBC97D1D}.Release|x86.Build.0 = Release|Any CPU
		{A0762CC4-2014-47E8-8587-2C7F0526665C}.Debug|Any CPU.ActiveCfg = Debug|Any CPU
		{A0762CC4-2014-47E8-8587-2C7F0526665C}.Debug|Any CPU.Build.0 = Debug|Any CPU
		{A0762CC4-2014-47E8-8587-2C7F0526665C}.Debug|x64.ActiveCfg = Debug|Any CPU
		{A0762CC4-2014-47E8-8587-2C7F0526665C}.Debug|x64.Build.0 = Debug|Any CPU
		{A0762CC4-2014-47E8-8587-2C7F0526665C}.Debug|x86.ActiveCfg = Debug|Any CPU
		{A0762CC4-2014-47E8-8587-2C7F0526665C}.Debug|x86.Build.0 = Debug|Any CPU
		{A0762CC4-2014-47E8-8587-2C7F0526665C}.Release|Any CPU.ActiveCfg = Release|Any CPU
		{A0762CC4-2014-47E8-8587-2C7F0526665C}.Release|Any CPU.Build.0 = Release|Any CPU
		{A0762CC4-2014-47E8-8587-2C7F0526665C}.Release|x64.ActiveCfg = Release|Any CPU
		{A0762CC4-2014-47E8-8587-2C7F0526665C}.Release|x64.Build.0 = Release|Any CPU
		{A0762CC4-2014-47E8-8587-2C7F0526665C}.Release|x86.ActiveCfg = Release|Any CPU
		{A0762CC4-2014-47E8-8587-2C7F0526665C}.Release|x86.Build.0 = Release|Any CPU
	EndGlobalSection
EndGlobal
